
Microsoft Visual Studio Solution File, Format Version 12.00
# Visual Studio 15
VisualStudioVersion = 15.0.28307.438
MinimumVisualStudioVersion = 10.0.40219.1
Project("{8BC9CEB8-8B4A-11D0-8D11-00A0C91BC942}") = "NEW START", "NEW START\NEW START.vcxproj", "{CBBA7153-CFEE-404A-8AB2-FAC8195EBB28}"
EndProject
Global
	GlobalSection(SolutionConfigurationPlatforms) = preSolution
		Debug|x64 = Debug|x64
		Debug|x86 = Debug|x86
		Release|x64 = Release|x64
		Release|x86 = Release|x86
	EndGlobalSection
	GlobalSection(ProjectConfigurationPlatforms) = postSolution
		{CBBA7153-CFEE-404A-8AB2-FAC8195EBB28}.Debug|x64.ActiveCfg = Debug|x64
		{CBBA7153-CFEE-404A-8AB2-FAC8195EBB28}.Debug|x64.Build.0 = Debug|x64
		{CBBA7153-CFEE-404A-8AB2-FAC8195EBB28}.Debug|x86.ActiveCfg = Debug|Win32
		{CBBA7153-CFEE-404A-8AB2-FAC8195EBB28}.Debug|x86.Build.0 = Debug|Win32
		{CBBA7153-CFEE-404A-8AB2-FAC8195EBB28}.Release|x64.ActiveCfg = Release|x64
		{CBBA7153-CFEE-404A-8AB2-FAC8195EBB28}.Release|x64.Build.0 = Release|x64
		{CBBA7153-CFEE-404A-8AB2-FAC8195EBB28}.Release|x86.ActiveCfg = Release|Win32
		{CBBA7153-CFEE-404A-8AB2-FAC8195EBB28}.Release|x86.Build.0 = Release|Win32
	EndGlobalSection
	GlobalSection(SolutionProperties) = preSolution
		HideSolutionNode = FALSE
	EndGlobalSection
	GlobalSection(ExtensibilityGlobals) = postSolution
		SolutionGuid = {B9B2BB53-1EEE-49E3-9E94-E357E7792E09}
	EndGlobalSection
EndGlobal
